<?xml version="1.0" encoding="utf-8"?>
<Project ToolsVersion="4.0" xmlns="http://schemas.microsoft.com/developer/msbuild/2003">
  <ItemGroup>
    <Filter Include="src">
      <UniqueIdentifier>{a7fa32dd-0b01-4fbb-b9bb-a93c4eec7f0a}</UniqueIdentifier>
    </Filter>
    <Filter Include="src\service">
      <UniqueIdentifier>{b9f010da-504f-4eb6-a08b-a1607a0d7939}</UniqueIdentifier>
    </Filter>
    <Filter Include="src\message">
      <UniqueIdentifier>{721a24dd-021d-4fde-9587-b148486a955e}</UniqueIdentifier>
    </Filter>
  </ItemGroup>
  <ItemGroup>
    <ClInclude Include="..\proto\include\pb\rpc.pb.h">
      <Filter>src</Filter>
    </ClInclude>
    <ClInclude Include="..\proto\include\pb\rpcservice.pb.h">
      <Filter>src</Filter>
    </ClInclude>
    <ClInclude Include="..\proto\include\pb\sudoku.pb.h">
      <Filter>src</Filter>
    </ClInclude>
    <ClInclude Include="..\proto\include\pb\test.pb.h">
      <Filter>src</Filter>
    </ClInclude>
    <ClInclude Include="..\proto\include\pb\xCmd.pb.h">
      <Filter>src</Filter>
    </ClInclude>
    <ClInclude Include="..\proto\include\pb\service\c2g_scene.pb.h">
      <Filter>src\service</Filter>
    </ClInclude>
    <ClInclude Include="..\proto\include\pb\service\c2g_user.pb.h">
      <Filter>src\service</Filter>
    </ClInclude>
    <ClInclude Include="..\proto\include\pb\message\scene.pb.h">
      <Filter>src\message</Filter>
    </ClInclude>
    <ClInclude Include="..\proto\include\pb\message\user.pb.h">
      <Filter>src\message</Filter>
    </ClInclude>
  </ItemGroup>
  <ItemGroup>
    <ClCompile Include="..\proto\include\pb\rpc.pb.cc">
      <Filter>src</Filter>
    </ClCompile>
    <ClCompile Include="..\proto\include\pb\rpcservice.pb.cc">
      <Filter>src</Filter>
    </ClCompile>
    <ClCompile Include="..\proto\include\pb\sudoku.pb.cc">
      <Filter>src</Filter>
    </ClCompile>
    <ClCompile Include="..\proto\include\pb\test.pb.cc">
      <Filter>src</Filter>
    </ClCompile>
    <ClCompile Include="..\proto\include\pb\xCmd.pb.cc">
      <Filter>src</Filter>
    </ClCompile>
    <ClCompile Include="..\proto\include\pb\service\c2g_scene.pb.cc">
      <Filter>src\service</Filter>
    </ClCompile>
    <ClCompile Include="..\proto\include\pb\service\c2g_user.pb.cc">
      <Filter>src\service</Filter>
    </ClCompile>
    <ClCompile Include="..\proto\include\pb\message\scene.pb.cc">
      <Filter>src\message</Filter>
    </ClCompile>
    <ClCompile Include="..\proto\include\pb\message\user.pb.cc">
      <Filter>src\message</Filter>
    </ClCompile>
  </ItemGroup>
</Project>