
Microsoft Visual Studio Solution File, Format Version 12.00
# Visual Studio Version 16
VisualStudioVersion = 16.0.31019.35
MinimumVisualStudioVersion = 10.0.40219.1
Project("{8BC9CEB8-8B4A-11D0-8D11-00A0C91BC942}") = "myprotolib", "myprotolib.vcxproj", "{1E26B973-CE97-4230-9F5F-8073B9E5C85A}"
EndProject
Global
	GlobalSection(SolutionConfigurationPlatforms) = preSolution
		Debug|x64 = Debug|x64
		Debug|x86 = Debug|x86
		Release|x64 = Release|x64
		Release|x86 = Release|x86
	EndGlobalSection
	GlobalSection(ProjectConfigurationPlatforms) = postSolution
		{1E26B973-CE97-4230-9F5F-8073B9E5C85A}.Debug|x64.ActiveCfg = Debug|x64
		{1E26B973-CE97-4230-9F5F-8073B9E5C85A}.Debug|x64.Build.0 = Debug|x64
		{1E26B973-CE97-4230-9F5F-8073B9E5C85A}.Debug|x86.ActiveCfg = Debug|Win32
		{1E26B973-CE97-4230-9F5F-8073B9E5C85A}.Debug|x86.Build.0 = Debug|Win32
		{1E26B973-CE97-4230-9F5F-8073B9E5C85A}.Release|x64.ActiveCfg = Release|x64
		{1E26B973-CE97-4230-9F5F-8073B9E5C85A}.Release|x64.Build.0 = Release|x64
		{1E26B973-CE97-4230-9F5F-8073B9E5C85A}.Release|x86.ActiveCfg = Release|Win32
		{1E26B973-CE97-4230-9F5F-8073B9E5C85A}.Release|x86.Build.0 = Release|Win32
	EndGlobalSection
	GlobalSection(SolutionProperties) = preSolution
		HideSolutionNode = FALSE
	EndGlobalSection
	GlobalSection(ExtensibilityGlobals) = postSolution
		SolutionGuid = {AA2DEC4C-1298-43C8-89EC-9C80EE665E67}
	EndGlobalSection
EndGlobal
