
Microsoft Visual Studio Solution File, Format Version 12.00
# Visual Studio Version 16
VisualStudioVersion = 16.0.28315.86
MinimumVisualStudioVersion = 10.0.40219.1
Project("{8BC9CEB8-8B4A-11D0-8D11-00A0C91BC942}") = "ThirdPersonMP", "Intermediate\ProjectFiles\ThirdPersonMP.vcxproj", "{A8C0B15B-26F8-404E-A61F-490E7A0C20CA}"
	ProjectSection(ProjectDependencies) = postProject
		{1E26B973-CE97-4230-9F5F-8073B9E5C85A} = {1E26B973-CE97-4230-9F5F-8073B9E5C85A}
	EndProjectSection
EndProject
Project("{2150E333-8FDC-42A3-9474-1A3956D46DE8}") = "Visualizers", "Visualizers", "{1CCEC849-CC72-4C59-8C36-2F7C38706D4C}"
	ProjectSection(SolutionItems) = preProject
		..\..\..\..\UnrealEngine\Engine\Extras\VisualStudioDebugging\UE4.natvis = ..\..\..\..\UnrealEngine\Engine\Extras\VisualStudioDebugging\UE4.natvis
	EndProjectSection
EndProject
Project("{8BC9CEB8-8B4A-11D0-8D11-00A0C91BC942}") = "myprotolib", "myprotolib\myprotolib.vcxproj", "{1E26B973-CE97-4230-9F5F-8073B9E5C85A}"
EndProject
Global
	GlobalSection(SolutionConfigurationPlatforms) = preSolution
		Debug Editor|HoloLens = Debug Editor|HoloLens
		Debug Editor|Mac = Debug Editor|Mac
		Debug Editor|Win32 = Debug Editor|Win32
		Debug Editor|Win64 = Debug Editor|Win64
		Debug Editor|x64 = Debug Editor|x64
		Debug Editor|XXX = Debug Editor|XXX
		Debug|HoloLens = Debug|HoloLens
		Debug|Mac = Debug|Mac
		Debug|Win32 = Debug|Win32
		Debug|Win64 = Debug|Win64
		Debug|x64 = Debug|x64
		Debug|XXX = Debug|XXX
		DebugGame Editor|HoloLens = DebugGame Editor|HoloLens
		DebugGame Editor|Mac = DebugGame Editor|Mac
		DebugGame Editor|Win32 = DebugGame Editor|Win32
		DebugGame Editor|Win64 = DebugGame Editor|Win64
		DebugGame Editor|x64 = DebugGame Editor|x64
		DebugGame Editor|XXX = DebugGame Editor|XXX
		DebugGame|HoloLens = DebugGame|HoloLens
		DebugGame|Mac = DebugGame|Mac
		DebugGame|Win32 = DebugGame|Win32
		DebugGame|Win64 = DebugGame|Win64
		DebugGame|x64 = DebugGame|x64
		DebugGame|XXX = DebugGame|XXX
		Development Editor|HoloLens = Development Editor|HoloLens
		Development Editor|Mac = Development Editor|Mac
		Development Editor|Win32 = Development Editor|Win32
		Development Editor|Win64 = Development Editor|Win64
		Development Editor|x64 = Development Editor|x64
		Development Editor|XXX = Development Editor|XXX
		Development|HoloLens = Development|HoloLens
		Development|Mac = Development|Mac
		Development|Win32 = Development|Win32
		Development|Win64 = Development|Win64
		Development|x64 = Development|x64
		Development|XXX = Development|XXX
		Release|HoloLens = Release|HoloLens
		Release|Mac = Release|Mac
		Release|Win32 = Release|Win32
		Release|Win64 = Release|Win64
		Release|x64 = Release|x64
		Release|XXX = Release|XXX
		Shipping|HoloLens = Shipping|HoloLens
		Shipping|Mac = Shipping|Mac
		Shipping|Win32 = Shipping|Win32
		Shipping|Win64 = Shipping|Win64
		Shipping|x64 = Shipping|x64
		Shipping|XXX = Shipping|XXX
		Test|HoloLens = Test|HoloLens
		Test|Mac = Test|Mac
		Test|Win32 = Test|Win32
		Test|Win64 = Test|Win64
		Test|x64 = Test|x64
		Test|XXX = Test|XXX
	EndGlobalSection
	GlobalSection(ProjectConfigurationPlatforms) = postSolution
		{A8C0B15B-26F8-404E-A61F-490E7A0C20CA}.Debug Editor|HoloLens.ActiveCfg = Invalid|Win32
		{A8C0B15B-26F8-404E-A61F-490E7A0C20CA}.Debug Editor|Mac.ActiveCfg = Mac_Debug_Editor|Win32
		{A8C0B15B-26F8-404E-A61F-490E7A0C20CA}.Debug Editor|Mac.Build.0 = Mac_Debug_Editor|Win32
		{A8C0B15B-26F8-404E-A61F-490E7A0C20CA}.Debug Editor|Win32.ActiveCfg = Invalid|Win32
		{A8C0B15B-26F8-404E-A61F-490E7A0C20CA}.Debug Editor|Win64.ActiveCfg = Debug_Editor|x64
		{A8C0B15B-26F8-404E-A61F-490E7A0C20CA}.Debug Editor|Win64.Build.0 = Debug_Editor|x64
		{A8C0B15B-26F8-404E-A61F-490E7A0C20CA}.Debug Editor|x64.ActiveCfg = DebugGame|x64
		{A8C0B15B-26F8-404E-A61F-490E7A0C20CA}.Debug Editor|x64.Build.0 = DebugGame|x64
		{A8C0B15B-26F8-404E-A61F-490E7A0C20CA}.Debug Editor|XXX.ActiveCfg = Invalid|Win32
		{A8C0B15B-26F8-404E-A61F-490E7A0C20CA}.Debug|HoloLens.ActiveCfg = Debug|arm64
		{A8C0B15B-26F8-404E-A61F-490E7A0C20CA}.Debug|HoloLens.Build.0 = Debug|arm64
		{A8C0B15B-26F8-404E-A61F-490E7A0C20CA}.Debug|HoloLens.Deploy.0 = Debug|arm64
		{A8C0B15B-26F8-404E-A61F-490E7A0C20CA}.Debug|Mac.ActiveCfg = Mac_Debug|Win32
		{A8C0B15B-26F8-404E-A61F-490E7A0C20CA}.Debug|Mac.Build.0 = Mac_Debug|Win32
		{A8C0B15B-26F8-404E-A61F-490E7A0C20CA}.Debug|Win32.ActiveCfg = Debug|Win32
		{A8C0B15B-26F8-404E-A61F-490E7A0C20CA}.Debug|Win32.Build.0 = Debug|Win32
		{A8C0B15B-26F8-404E-A61F-490E7A0C20CA}.Debug|Win64.ActiveCfg = Debug|x64
		{A8C0B15B-26F8-404E-A61F-490E7A0C20CA}.Debug|Win64.Build.0 = Debug|x64
		{A8C0B15B-26F8-404E-A61F-490E7A0C20CA}.Debug|x64.ActiveCfg = Debug|x64
		{A8C0B15B-26F8-404E-A61F-490E7A0C20CA}.Debug|x64.Build.0 = Debug|x64
		{A8C0B15B-26F8-404E-A61F-490E7A0C20CA}.Debug|XXX.ActiveCfg = XXX_Debug|Win32
		{A8C0B15B-26F8-404E-A61F-490E7A0C20CA}.Debug|XXX.Build.0 = XXX_Debug|Win32
		{A8C0B15B-26F8-404E-A61F-490E7A0C20CA}.DebugGame Editor|HoloLens.ActiveCfg = Invalid|Win32
		{A8C0B15B-26F8-404E-A61F-490E7A0C20CA}.DebugGame Editor|Mac.ActiveCfg = Mac_DebugGame_Editor|Win32
		{A8C0B15B-26F8-404E-A61F-490E7A0C20CA}.DebugGame Editor|Mac.Build.0 = Mac_DebugGame_Editor|Win32
		{A8C0B15B-26F8-404E-A61F-490E7A0C20CA}.DebugGame Editor|Win32.ActiveCfg = Invalid|Win32
		{A8C0B15B-26F8-404E-A61F-490E7A0C20CA}.DebugGame Editor|Win64.ActiveCfg = DebugGame_Editor|x64
		{A8C0B15B-26F8-404E-A61F-490E7A0C20CA}.DebugGame Editor|Win64.Build.0 = DebugGame_Editor|x64
		{A8C0B15B-26F8-404E-A61F-490E7A0C20CA}.DebugGame Editor|x64.ActiveCfg = DebugGame|x64
		{A8C0B15B-26F8-404E-A61F-490E7A0C20CA}.DebugGame Editor|x64.Build.0 = DebugGame|x64
		{A8C0B15B-26F8-404E-A61F-490E7A0C20CA}.DebugGame Editor|XXX.ActiveCfg = Invalid|Win32
		{A8C0B15B-26F8-404E-A61F-490E7A0C20CA}.DebugGame|HoloLens.ActiveCfg = DebugGame|arm64
		{A8C0B15B-26F8-404E-A61F-490E7A0C20CA}.DebugGame|HoloLens.Build.0 = DebugGame|arm64
		{A8C0B15B-26F8-404E-A61F-490E7A0C20CA}.DebugGame|HoloLens.Deploy.0 = DebugGame|arm64
		{A8C0B15B-26F8-404E-A61F-490E7A0C20CA}.DebugGame|Mac.ActiveCfg = Mac_DebugGame|Win32
		{A8C0B15B-26F8-404E-A61F-490E7A0C20CA}.DebugGame|Mac.Build.0 = Mac_DebugGame|Win32
		{A8C0B15B-26F8-404E-A61F-490E7A0C20CA}.DebugGame|Win32.ActiveCfg = DebugGame|Win32
		{A8C0B15B-26F8-404E-A61F-490E7A0C20CA}.DebugGame|Win32.Build.0 = DebugGame|Win32
		{A8C0B15B-26F8-404E-A61F-490E7A0C20CA}.DebugGame|Win64.ActiveCfg = DebugGame|x64
		{A8C0B15B-26F8-404E-A61F-490E7A0C20CA}.DebugGame|Win64.Build.0 = DebugGame|x64
		{A8C0B15B-26F8-404E-A61F-490E7A0C20CA}.DebugGame|x64.ActiveCfg = DebugGame|x64
		{A8C0B15B-26F8-404E-A61F-490E7A0C20CA}.DebugGame|x64.Build.0 = DebugGame|x64
		{A8C0B15B-26F8-404E-A61F-490E7A0C20CA}.DebugGame|XXX.ActiveCfg = XXX_DebugGame|Win32
		{A8C0B15B-26F8-404E-A61F-490E7A0C20CA}.DebugGame|XXX.Build.0 = XXX_DebugGame|Win32
		{A8C0B15B-26F8-404E-A61F-490E7A0C20CA}.Development Editor|HoloLens.ActiveCfg = Invalid|Win32
		{A8C0B15B-26F8-404E-A61F-490E7A0C20CA}.Development Editor|Mac.ActiveCfg = Mac_Development_Editor|Win32
		{A8C0B15B-26F8-404E-A61F-490E7A0C20CA}.Development Editor|Mac.Build.0 = Mac_Development_Editor|Win32
		{A8C0B15B-26F8-404E-A61F-490E7A0C20CA}.Development Editor|Win32.ActiveCfg = Invalid|Win32
		{A8C0B15B-26F8-404E-A61F-490E7A0C20CA}.Development Editor|Win64.ActiveCfg = Development_Editor|x64
		{A8C0B15B-26F8-404E-A61F-490E7A0C20CA}.Development Editor|Win64.Build.0 = Development_Editor|x64
		{A8C0B15B-26F8-404E-A61F-490E7A0C20CA}.Development Editor|x64.ActiveCfg = Development|x64
		{A8C0B15B-26F8-404E-A61F-490E7A0C20CA}.Development Editor|x64.Build.0 = Development|x64
		{A8C0B15B-26F8-404E-A61F-490E7A0C20CA}.Development Editor|XXX.ActiveCfg = Invalid|Win32
		{A8C0B15B-26F8-404E-A61F-490E7A0C20CA}.Development|HoloLens.ActiveCfg = Development|arm64
		{A8C0B15B-26F8-404E-A61F-490E7A0C20CA}.Development|HoloLens.Build.0 = Development|arm64
		{A8C0B15B-26F8-404E-A61F-490E7A0C20CA}.Development|HoloLens.Deploy.0 = Development|arm64
		{A8C0B15B-26F8-404E-A61F-490E7A0C20CA}.Development|Mac.ActiveCfg = Mac_Development|Win32
		{A8C0B15B-26F8-404E-A61F-490E7A0C20CA}.Development|Mac.Build.0 = Mac_Development|Win32
		{A8C0B15B-26F8-404E-A61F-490E7A0C20CA}.Development|Win32.ActiveCfg = Development|Win32
		{A8C0B15B-26F8-404E-A61F-490E7A0C20CA}.Development|Win32.Build.0 = Development|Win32
		{A8C0B15B-26F8-404E-A61F-490E7A0C20CA}.Development|Win64.ActiveCfg = Development|x64
		{A8C0B15B-26F8-404E-A61F-490E7A0C20CA}.Development|Win64.Build.0 = Development|x64
		{A8C0B15B-26F8-404E-A61F-490E7A0C20CA}.Development|x64.ActiveCfg = Development|x64
		{A8C0B15B-26F8-404E-A61F-490E7A0C20CA}.Development|x64.Build.0 = Development|x64
		{A8C0B15B-26F8-404E-A61F-490E7A0C20CA}.Development|XXX.ActiveCfg = XXX_Development|Win32
		{A8C0B15B-26F8-404E-A61F-490E7A0C20CA}.Development|XXX.Build.0 = XXX_Development|Win32
		{A8C0B15B-26F8-404E-A61F-490E7A0C20CA}.Release|HoloLens.ActiveCfg = Mac_Shipping|x64
		{A8C0B15B-26F8-404E-A61F-490E7A0C20CA}.Release|HoloLens.Build.0 = Mac_Shipping|x64
		{A8C0B15B-26F8-404E-A61F-490E7A0C20CA}.Release|Mac.ActiveCfg = Mac_Shipping|x64
		{A8C0B15B-26F8-404E-A61F-490E7A0C20CA}.Release|Mac.Build.0 = Mac_Shipping|x64
		{A8C0B15B-26F8-404E-A61F-490E7A0C20CA}.Release|Win32.ActiveCfg = DebugGame_Editor|Win32
		{A8C0B15B-26F8-404E-A61F-490E7A0C20CA}.Release|Win32.Build.0 = DebugGame_Editor|Win32
		{A8C0B15B-26F8-404E-A61F-490E7A0C20CA}.Release|Win64.ActiveCfg = Mac_Shipping|x64
		{A8C0B15B-26F8-404E-A61F-490E7A0C20CA}.Release|Win64.Build.0 = Mac_Shipping|x64
		{A8C0B15B-26F8-404E-A61F-490E7A0C20CA}.Release|x64.ActiveCfg = Mac_Shipping|x64
		{A8C0B15B-26F8-404E-A61F-490E7A0C20CA}.Release|x64.Build.0 = Mac_Shipping|x64
		{A8C0B15B-26F8-404E-A61F-490E7A0C20CA}.Release|XXX.ActiveCfg = Mac_Shipping|x64
		{A8C0B15B-26F8-404E-A61F-490E7A0C20CA}.Release|XXX.Build.0 = Mac_Shipping|x64
		{A8C0B15B-26F8-404E-A61F-490E7A0C20CA}.Shipping|HoloLens.ActiveCfg = Shipping|arm64
		{A8C0B15B-26F8-404E-A61F-490E7A0C20CA}.Shipping|HoloLens.Build.0 = Shipping|arm64
		{A8C0B15B-26F8-404E-A61F-490E7A0C20CA}.Shipping|HoloLens.Deploy.0 = Shipping|arm64
		{A8C0B15B-26F8-404E-A61F-490E7A0C20CA}.Shipping|Mac.ActiveCfg = Mac_Shipping|Win32
		{A8C0B15B-26F8-404E-A61F-490E7A0C20CA}.Shipping|Mac.Build.0 = Mac_Shipping|Win32
		{A8C0B15B-26F8-404E-A61F-490E7A0C20CA}.Shipping|Win32.ActiveCfg = Shipping|Win32
		{A8C0B15B-26F8-404E-A61F-490E7A0C20CA}.Shipping|Win32.Build.0 = Shipping|Win32
		{A8C0B15B-26F8-404E-A61F-490E7A0C20CA}.Shipping|Win64.ActiveCfg = Shipping|x64
		{A8C0B15B-26F8-404E-A61F-490E7A0C20CA}.Shipping|Win64.Build.0 = Shipping|x64
		{A8C0B15B-26F8-404E-A61F-490E7A0C20CA}.Shipping|x64.ActiveCfg = Shipping|x64
		{A8C0B15B-26F8-404E-A61F-490E7A0C20CA}.Shipping|x64.Build.0 = Shipping|x64
		{A8C0B15B-26F8-404E-A61F-490E7A0C20CA}.Shipping|XXX.ActiveCfg = XXX_Shipping|Win32
		{A8C0B15B-26F8-404E-A61F-490E7A0C20CA}.Shipping|XXX.Build.0 = XXX_Shipping|Win32
		{A8C0B15B-26F8-404E-A61F-490E7A0C20CA}.Test|HoloLens.ActiveCfg = Test|arm64
		{A8C0B15B-26F8-404E-A61F-490E7A0C20CA}.Test|HoloLens.Build.0 = Test|arm64
		{A8C0B15B-26F8-404E-A61F-490E7A0C20CA}.Test|HoloLens.Deploy.0 = Test|arm64
		{A8C0B15B-26F8-404E-A61F-490E7A0C20CA}.Test|Mac.ActiveCfg = Mac_Test|Win32
		{A8C0B15B-26F8-404E-A61F-490E7A0C20CA}.Test|Mac.Build.0 = Mac_Test|Win32
		{A8C0B15B-26F8-404E-A61F-490E7A0C20CA}.Test|Win32.ActiveCfg = Test|Win32
		{A8C0B15B-26F8-404E-A61F-490E7A0C20CA}.Test|Win32.Build.0 = Test|Win32
		{A8C0B15B-26F8-404E-A61F-490E7A0C20CA}.Test|Win64.ActiveCfg = Test|x64
		{A8C0B15B-26F8-404E-A61F-490E7A0C20CA}.Test|Win64.Build.0 = Test|x64
		{A8C0B15B-26F8-404E-A61F-490E7A0C20CA}.Test|x64.ActiveCfg = Test|x64
		{A8C0B15B-26F8-404E-A61F-490E7A0C20CA}.Test|x64.Build.0 = Test|x64
		{A8C0B15B-26F8-404E-A61F-490E7A0C20CA}.Test|XXX.ActiveCfg = XXX_Test|Win32
		{A8C0B15B-26F8-404E-A61F-490E7A0C20CA}.Test|XXX.Build.0 = XXX_Test|Win32
		{1E26B973-CE97-4230-9F5F-8073B9E5C85A}.Debug Editor|HoloLens.ActiveCfg = Debug|Win32
		{1E26B973-CE97-4230-9F5F-8073B9E5C85A}.Debug Editor|HoloLens.Build.0 = Debug|Win32
		{1E26B973-CE97-4230-9F5F-8073B9E5C85A}.Debug Editor|Mac.ActiveCfg = Debug|Win32
		{1E26B973-CE97-4230-9F5F-8073B9E5C85A}.Debug Editor|Mac.Build.0 = Debug|Win32
		{1E26B973-CE97-4230-9F5F-8073B9E5C85A}.Debug Editor|Win32.ActiveCfg = Debug|Win32
		{1E26B973-CE97-4230-9F5F-8073B9E5C85A}.Debug Editor|Win32.Build.0 = Debug|Win32
		{1E26B973-CE97-4230-9F5F-8073B9E5C85A}.Debug Editor|Win64.ActiveCfg = Debug|Win32
		{1E26B973-CE97-4230-9F5F-8073B9E5C85A}.Debug Editor|Win64.Build.0 = Debug|Win32
		{1E26B973-CE97-4230-9F5F-8073B9E5C85A}.Debug Editor|x64.ActiveCfg = Debug|x64
		{1E26B973-CE97-4230-9F5F-8073B9E5C85A}.Debug Editor|x64.Build.0 = Debug|x64
		{1E26B973-CE97-4230-9F5F-8073B9E5C85A}.Debug Editor|XXX.ActiveCfg = Debug|Win32
		{1E26B973-CE97-4230-9F5F-8073B9E5C85A}.Debug Editor|XXX.Build.0 = Debug|Win32
		{1E26B973-CE97-4230-9F5F-8073B9E5C85A}.Debug|HoloLens.ActiveCfg = Debug|Win32
		{1E26B973-CE97-4230-9F5F-8073B9E5C85A}.Debug|Mac.ActiveCfg = Debug|Win32
		{1E26B973-CE97-4230-9F5F-8073B9E5C85A}.Debug|Win32.ActiveCfg = Debug|Win32
		{1E26B973-CE97-4230-9F5F-8073B9E5C85A}.Debug|Win32.Build.0 = Debug|Win32
		{1E26B973-CE97-4230-9F5F-8073B9E5C85A}.Debug|Win64.ActiveCfg = Debug|Win32
		{1E26B973-CE97-4230-9F5F-8073B9E5C85A}.Debug|x64.ActiveCfg = Debug|x64
		{1E26B973-CE97-4230-9F5F-8073B9E5C85A}.Debug|x64.Build.0 = Debug|x64
		{1E26B973-CE97-4230-9F5F-8073B9E5C85A}.Debug|XXX.ActiveCfg = Debug|Win32
		{1E26B973-CE97-4230-9F5F-8073B9E5C85A}.DebugGame Editor|HoloLens.ActiveCfg = Debug|Win32
		{1E26B973-CE97-4230-9F5F-8073B9E5C85A}.DebugGame Editor|HoloLens.Build.0 = Debug|Win32
		{1E26B973-CE97-4230-9F5F-8073B9E5C85A}.DebugGame Editor|Mac.ActiveCfg = Debug|Win32
		{1E26B973-CE97-4230-9F5F-8073B9E5C85A}.DebugGame Editor|Mac.Build.0 = Debug|Win32
		{1E26B973-CE97-4230-9F5F-8073B9E5C85A}.DebugGame Editor|Win32.ActiveCfg = Debug|Win32
		{1E26B973-CE97-4230-9F5F-8073B9E5C85A}.DebugGame Editor|Win32.Build.0 = Debug|Win32
		{1E26B973-CE97-4230-9F5F-8073B9E5C85A}.DebugGame Editor|Win64.ActiveCfg = Release|x64
		{1E26B973-CE97-4230-9F5F-8073B9E5C85A}.DebugGame Editor|Win64.Build.0 = Release|x64
		{1E26B973-CE97-4230-9F5F-8073B9E5C85A}.DebugGame Editor|x64.ActiveCfg = Debug|x64
		{1E26B973-CE97-4230-9F5F-8073B9E5C85A}.DebugGame Editor|x64.Build.0 = Debug|x64
		{1E26B973-CE97-4230-9F5F-8073B9E5C85A}.DebugGame Editor|XXX.ActiveCfg = Debug|Win32
		{1E26B973-CE97-4230-9F5F-8073B9E5C85A}.DebugGame Editor|XXX.Build.0 = Debug|Win32
		{1E26B973-CE97-4230-9F5F-8073B9E5C85A}.DebugGame|HoloLens.ActiveCfg = Debug|Win32
		{1E26B973-CE97-4230-9F5F-8073B9E5C85A}.DebugGame|HoloLens.Build.0 = Debug|Win32
		{1E26B973-CE97-4230-9F5F-8073B9E5C85A}.DebugGame|Mac.ActiveCfg = Debug|Win32
		{1E26B973-CE97-4230-9F5F-8073B9E5C85A}.DebugGame|Mac.Build.0 = Debug|Win32
		{1E26B973-CE97-4230-9F5F-8073B9E5C85A}.DebugGame|Win32.ActiveCfg = Debug|Win32
		{1E26B973-CE97-4230-9F5F-8073B9E5C85A}.DebugGame|Win32.Build.0 = Debug|Win32
		{1E26B973-CE97-4230-9F5F-8073B9E5C85A}.DebugGame|Win64.ActiveCfg = Debug|Win32
		{1E26B973-CE97-4230-9F5F-8073B9E5C85A}.DebugGame|Win64.Build.0 = Debug|Win32
		{1E26B973-CE97-4230-9F5F-8073B9E5C85A}.DebugGame|x64.ActiveCfg = Debug|x64
		{1E26B973-CE97-4230-9F5F-8073B9E5C85A}.DebugGame|x64.Build.0 = Debug|x64
		{1E26B973-CE97-4230-9F5F-8073B9E5C85A}.DebugGame|XXX.ActiveCfg = Debug|Win32
		{1E26B973-CE97-4230-9F5F-8073B9E5C85A}.DebugGame|XXX.Build.0 = Debug|Win32
		{1E26B973-CE97-4230-9F5F-8073B9E5C85A}.Development Editor|HoloLens.ActiveCfg = Debug|Win32
		{1E26B973-CE97-4230-9F5F-8073B9E5C85A}.Development Editor|HoloLens.Build.0 = Debug|Win32
		{1E26B973-CE97-4230-9F5F-8073B9E5C85A}.Development Editor|Mac.ActiveCfg = Debug|Win32
		{1E26B973-CE97-4230-9F5F-8073B9E5C85A}.Development Editor|Mac.Build.0 = Debug|Win32
		{1E26B973-CE97-4230-9F5F-8073B9E5C85A}.Development Editor|Win32.ActiveCfg = Debug|Win32
		{1E26B973-CE97-4230-9F5F-8073B9E5C85A}.Development Editor|Win32.Build.0 = Debug|Win32
		{1E26B973-CE97-4230-9F5F-8073B9E5C85A}.Development Editor|Win64.ActiveCfg = Debug|Win32
		{1E26B973-CE97-4230-9F5F-8073B9E5C85A}.Development Editor|Win64.Build.0 = Debug|Win32
		{1E26B973-CE97-4230-9F5F-8073B9E5C85A}.Development Editor|x64.ActiveCfg = Debug|x64
		{1E26B973-CE97-4230-9F5F-8073B9E5C85A}.Development Editor|x64.Build.0 = Debug|x64
		{1E26B973-CE97-4230-9F5F-8073B9E5C85A}.Development Editor|XXX.ActiveCfg = Debug|Win32
		{1E26B973-CE97-4230-9F5F-8073B9E5C85A}.Development Editor|XXX.Build.0 = Debug|Win32
		{1E26B973-CE97-4230-9F5F-8073B9E5C85A}.Development|HoloLens.ActiveCfg = Debug|Win32
		{1E26B973-CE97-4230-9F5F-8073B9E5C85A}.Development|HoloLens.Build.0 = Debug|Win32
		{1E26B973-CE97-4230-9F5F-8073B9E5C85A}.Development|Mac.ActiveCfg = Debug|Win32
		{1E26B973-CE97-4230-9F5F-8073B9E5C85A}.Development|Mac.Build.0 = Debug|Win32
		{1E26B973-CE97-4230-9F5F-8073B9E5C85A}.Development|Win32.ActiveCfg = Debug|Win32
		{1E26B973-CE97-4230-9F5F-8073B9E5C85A}.Development|Win32.Build.0 = Debug|Win32
		{1E26B973-CE97-4230-9F5F-8073B9E5C85A}.Development|Win64.ActiveCfg = Debug|Win32
		{1E26B973-CE97-4230-9F5F-8073B9E5C85A}.Development|Win64.Build.0 = Debug|Win32
		{1E26B973-CE97-4230-9F5F-8073B9E5C85A}.Development|x64.ActiveCfg = Debug|x64
		{1E26B973-CE97-4230-9F5F-8073B9E5C85A}.Development|x64.Build.0 = Debug|x64
		{1E26B973-CE97-4230-9F5F-8073B9E5C85A}.Development|XXX.ActiveCfg = Debug|Win32
		{1E26B973-CE97-4230-9F5F-8073B9E5C85A}.Development|XXX.Build.0 = Debug|Win32
		{1E26B973-CE97-4230-9F5F-8073B9E5C85A}.Release|HoloLens.ActiveCfg = Release|Win32
		{1E26B973-CE97-4230-9F5F-8073B9E5C85A}.Release|Mac.ActiveCfg = Release|Win32
		{1E26B973-CE97-4230-9F5F-8073B9E5C85A}.Release|Win32.ActiveCfg = Release|Win32
		{1E26B973-CE97-4230-9F5F-8073B9E5C85A}.Release|Win32.Build.0 = Release|Win32
		{1E26B973-CE97-4230-9F5F-8073B9E5C85A}.Release|Win64.ActiveCfg = Release|Win32
		{1E26B973-CE97-4230-9F5F-8073B9E5C85A}.Release|x64.ActiveCfg = Release|x64
		{1E26B973-CE97-4230-9F5F-8073B9E5C85A}.Release|x64.Build.0 = Release|x64
		{1E26B973-CE97-4230-9F5F-8073B9E5C85A}.Release|XXX.ActiveCfg = Release|Win32
		{1E26B973-CE97-4230-9F5F-8073B9E5C85A}.Shipping|HoloLens.ActiveCfg = Debug|Win32
		{1E26B973-CE97-4230-9F5F-8073B9E5C85A}.Shipping|HoloLens.Build.0 = Debug|Win32
		{1E26B973-CE97-4230-9F5F-8073B9E5C85A}.Shipping|Mac.ActiveCfg = Debug|Win32
		{1E26B973-CE97-4230-9F5F-8073B9E5C85A}.Shipping|Mac.Build.0 = Debug|Win32
		{1E26B973-CE97-4230-9F5F-8073B9E5C85A}.Shipping|Win32.ActiveCfg = Debug|Win32
		{1E26B973-CE97-4230-9F5F-8073B9E5C85A}.Shipping|Win32.Build.0 = Debug|Win32
		{1E26B973-CE97-4230-9F5F-8073B9E5C85A}.Shipping|Win64.ActiveCfg = Debug|Win32
		{1E26B973-CE97-4230-9F5F-8073B9E5C85A}.Shipping|Win64.Build.0 = Debug|Win32
		{1E26B973-CE97-4230-9F5F-8073B9E5C85A}.Shipping|x64.ActiveCfg = Debug|x64
		{1E26B973-CE97-4230-9F5F-8073B9E5C85A}.Shipping|x64.Build.0 = Debug|x64
		{1E26B973-CE97-4230-9F5F-8073B9E5C85A}.Shipping|XXX.ActiveCfg = Debug|Win32
		{1E26B973-CE97-4230-9F5F-8073B9E5C85A}.Shipping|XXX.Build.0 = Debug|Win32
		{1E26B973-CE97-4230-9F5F-8073B9E5C85A}.Test|HoloLens.ActiveCfg = Debug|Win32
		{1E26B973-CE97-4230-9F5F-8073B9E5C85A}.Test|HoloLens.Build.0 = Debug|Win32
		{1E26B973-CE97-4230-9F5F-8073B9E5C85A}.Test|Mac.ActiveCfg = Debug|Win32
		{1E26B973-CE97-4230-9F5F-8073B9E5C85A}.Test|Mac.Build.0 = Debug|Win32
		{1E26B973-CE97-4230-9F5F-8073B9E5C85A}.Test|Win32.ActiveCfg = Debug|Win32
		{1E26B973-CE97-4230-9F5F-8073B9E5C85A}.Test|Win32.Build.0 = Debug|Win32
		{1E26B973-CE97-4230-9F5F-8073B9E5C85A}.Test|Win64.ActiveCfg = Debug|Win32
		{1E26B973-CE97-4230-9F5F-8073B9E5C85A}.Test|Win64.Build.0 = Debug|Win32
		{1E26B973-CE97-4230-9F5F-8073B9E5C85A}.Test|x64.ActiveCfg = Debug|x64
		{1E26B973-CE97-4230-9F5F-8073B9E5C85A}.Test|x64.Build.0 = Debug|x64
		{1E26B973-CE97-4230-9F5F-8073B9E5C85A}.Test|XXX.ActiveCfg = Debug|Win32
		{1E26B973-CE97-4230-9F5F-8073B9E5C85A}.Test|XXX.Build.0 = Debug|Win32
	EndGlobalSection
	GlobalSection(SolutionProperties) = preSolution
		HideSolutionNode = FALSE
	EndGlobalSection
	GlobalSection(ExtensibilityGlobals) = postSolution
		SolutionGuid = {1F238AA1-8FFC-4B31-9A8C-0201D3C693DA}
	EndGlobalSection
EndGlobal
