<?xml version="1.0" encoding="utf-8"?>
<Project ToolsVersion="4.0" xmlns="http://schemas.microsoft.com/developer/msbuild/2003">
  <ItemGroup>
    <ClInclude Include="..\include\noncopyable.h" />
    <ClInclude Include="..\include\service.h" />
    <ClInclude Include="..\include\down_pointer_cast.h" />
    <ClInclude Include="..\include\dynamic_object.h" />
    <ClInclude Include="..\include\service\c2a_user.pb.h" />
    <ClInclude Include="..\include\service\c2g_scene.pb.h" />
    <ClInclude Include="..\include\service\c2g_user.pb.h" />
    <ClInclude Include="..\include\service\g2c_scene.pb.h" />
    <ClInclude Include="..\include\service\service_enum.pb.h" />
    <ClInclude Include="..\include\service\service_include.pb.h" />
    <ClInclude Include="..\include\message\common\event.pb.h" />
    <ClInclude Include="..\include\message\common\event_enum.pb.h" />
    <ClInclude Include="..\include\message\common\rpc.pb.h" />
    <ClInclude Include="..\include\message\scene.pb.h" />
    <ClInclude Include="..\include\message\test\rpcservice.pb.h" />
    <ClInclude Include="..\include\message\test\sudoku.pb.h" />
    <ClInclude Include="..\include\message\test\test.pb.h" />
    <ClInclude Include="..\include\message\test\xCmd.pb.h" />
    <ClInclude Include="..\include\message\user.pb.h" />
  </ItemGroup>
  <ItemGroup>
    <ClCompile Include="..\include\service\c2a_user.pb.cc" />
    <ClCompile Include="..\include\service\c2g_scene.pb.cc" />
    <ClCompile Include="..\include\service\c2g_user.pb.cc" />
    <ClCompile Include="..\include\service\g2c_scene.pb.cc" />
    <ClCompile Include="..\include\service\service_enum.pb.cc" />
    <ClCompile Include="..\include\service\service_include.pb.cc" />
    <ClCompile Include="..\include\message\common\event.pb.cc" />
    <ClCompile Include="..\include\message\common\event_enum.pb.cc" />
    <ClCompile Include="..\include\message\common\rpc.pb.cc" />
    <ClCompile Include="..\include\message\scene.pb.cc" />
    <ClCompile Include="..\include\message\test\rpcservice.pb.cc" />
    <ClCompile Include="..\include\message\test\sudoku.pb.cc" />
    <ClCompile Include="..\include\message\test\test.pb.cc" />
    <ClCompile Include="..\include\message\test\xCmd.pb.cc" />
    <ClCompile Include="..\include\message\user.pb.cc" />
  </ItemGroup>
</Project>