<?xml version="1.0" encoding="utf-8"?>
<Project ToolsVersion="4.0" xmlns="http://schemas.microsoft.com/developer/msbuild/2003">
  <ItemGroup>
    <Filter Include="源文件">
      <UniqueIdentifier>{4FC737F1-C7A5-4376-A066-2A32D752A2FF}</UniqueIdentifier>
      <Extensions>cpp;c;cc;cxx;c++;cppm;ixx;def;odl;idl;hpj;bat;asm;asmx</Extensions>
    </Filter>
    <Filter Include="头文件">
      <UniqueIdentifier>{93995380-89BD-4b04-88EB-625FBE52EBFB}</UniqueIdentifier>
      <Extensions>h;hh;hpp;hxx;h++;hm;inl;inc;ipp;xsd</Extensions>
    </Filter>
    <Filter Include="资源文件">
      <UniqueIdentifier>{67DA6AB6-F800-4c08-8B7A-83BB121AAD01}</UniqueIdentifier>
      <Extensions>rc;ico;cur;bmp;dlg;rc2;rct;bin;rgs;gif;jpg;jpeg;jpe;resx;tiff;tif;png;wav;mfcribbon-ms</Extensions>
    </Filter>
  </ItemGroup>
  <ItemGroup>
    <ClCompile Include="..\include\message\common\rpc.pb.cc">
      <Filter>源文件</Filter>
    </ClCompile>
    <ClCompile Include="..\include\message\scene.pb.cc">
      <Filter>源文件</Filter>
    </ClCompile>
    <ClCompile Include="..\include\message\test\rpcservice.pb.cc">
      <Filter>源文件</Filter>
    </ClCompile>
    <ClCompile Include="..\include\message\test\sudoku.pb.cc">
      <Filter>源文件</Filter>
    </ClCompile>
    <ClCompile Include="..\include\message\test\test.pb.cc">
      <Filter>源文件</Filter>
    </ClCompile>
    <ClCompile Include="..\include\message\test\xCmd.pb.cc">
      <Filter>源文件</Filter>
    </ClCompile>
    <ClCompile Include="..\include\message\user.pb.cc">
      <Filter>源文件</Filter>
    </ClCompile>
    <ClCompile Include="..\include\service\c2g_scene.pb.cc">
      <Filter>源文件</Filter>
    </ClCompile>
    <ClCompile Include="..\include\service\c2g_user.pb.cc">
      <Filter>源文件</Filter>
    </ClCompile>
    <ClCompile Include="..\include\service\g2c_scene.pb.cc">
      <Filter>源文件</Filter>
    </ClCompile>
    <ClCompile Include="..\include\service\service_enum.pb.cc">
      <Filter>源文件</Filter>
    </ClCompile>
    <ClCompile Include="..\include\service\service_include.pb.cc">
      <Filter>源文件</Filter>
    </ClCompile>
  </ItemGroup>
  <ItemGroup>
    <ClInclude Include="..\include\message\common\rpc.pb.h">
      <Filter>头文件</Filter>
    </ClInclude>
    <ClInclude Include="..\include\message\scene.pb.h">
      <Filter>头文件</Filter>
    </ClInclude>
    <ClInclude Include="..\include\message\test\rpcservice.pb.h">
      <Filter>头文件</Filter>
    </ClInclude>
    <ClInclude Include="..\include\message\test\sudoku.pb.h">
      <Filter>头文件</Filter>
    </ClInclude>
    <ClInclude Include="..\include\message\test\test.pb.h">
      <Filter>头文件</Filter>
    </ClInclude>
    <ClInclude Include="..\include\message\test\xCmd.pb.h">
      <Filter>头文件</Filter>
    </ClInclude>
    <ClInclude Include="..\include\message\user.pb.h">
      <Filter>头文件</Filter>
    </ClInclude>
    <ClInclude Include="..\include\service\c2g_scene.pb.h">
      <Filter>头文件</Filter>
    </ClInclude>
    <ClInclude Include="..\include\service\c2g_user.pb.h">
      <Filter>头文件</Filter>
    </ClInclude>
    <ClInclude Include="..\include\service\g2c_scene.pb.h">
      <Filter>头文件</Filter>
    </ClInclude>
    <ClInclude Include="..\include\service\service_enum.pb.h">
      <Filter>头文件</Filter>
    </ClInclude>
    <ClInclude Include="..\include\service\service_include.pb.h">
      <Filter>头文件</Filter>
    </ClInclude>
    <ClInclude Include="..\include\noncopyable.h">
      <Filter>头文件</Filter>
    </ClInclude>
    <ClInclude Include="..\include\service.h">
      <Filter>头文件</Filter>
    </ClInclude>
    <ClInclude Include="..\include\down_pointer_cast.h">
      <Filter>头文件</Filter>
    </ClInclude>
    <ClInclude Include="..\include\dynamic_object.h">
      <Filter>头文件</Filter>
    </ClInclude>
  </ItemGroup>
</Project>